// !$*UTF8*$!
{
	archiveVersion = 1;
	classes = {
	};
	objectVersion = 56;
	objects = {

/* Begin PBXBuildFile section */
		A101 /* LandmarkARApp.swift in Sources */ = {isa = PBXBuildFile; fileRef = A001 /* LandmarkARApp.swift */; };
		A102 /* ContentView.swift in Sources */ = {isa = PBXBuildFile; fileRef = A002 /* ContentView.swift */; };
		A103 /* Landmark.swift in Sources */ = {isa = PBXBuildFile; fileRef = A003 /* Landmark.swift */; };
		A104 /* LocationManager.swift in Sources */ = {isa = PBXBuildFile; fileRef = A004 /* LocationManager.swift */; };
		A105 /* WikipediaService.swift in Sources */ = {isa = PBXBuildFile; fileRef = A005 /* WikipediaService.swift */; };
		A106 /* ARLandmarkView.swift in Sources */ = {isa = PBXBuildFile; fileRef = A006 /* ARLandmarkView.swift */; };
		A107 /* LandmarkDetailSheet.swift in Sources */ = {isa = PBXBuildFile; fileRef = A007 /* LandmarkDetailSheet.swift */; };
		A108 /* AppSettings.swift in Sources */ = {isa = PBXBuildFile; fileRef = A008S /* AppSettings.swift */; };
		A109 /* SettingsView.swift in Sources */ = {isa = PBXBuildFile; fileRef = A009 /* SettingsView.swift */; };
		A110 /* Assets.xcassets in Resources */ = {isa = PBXBuildFile; fileRef = A010 /* Assets.xcassets */; };
		D40573522F58FCEB00859722 /* NPSService.swift in Sources */ = {isa = PBXBuildFile; fileRef = D40573502F58FCEB00859722 /* NPSService.swift */; };
		D40573532F58FCEB00859722 /* OpenStreetMapService.swift in Sources */ = {isa = PBXBuildFile; fileRef = D40573512F58FCEB00859722 /* OpenStreetMapService.swift */; };
		A116 /* ErrorLog.swift in Sources */ = {isa = PBXBuildFile; fileRef = A016 /* ErrorLog.swift */; };
		A117 /* ErrorLogView.swift in Sources */ = {isa = PBXBuildFile; fileRef = A017 /* ErrorLogView.swift */; };
		A118 /* ElevationService.swift in Sources */ = {isa = PBXBuildFile; fileRef = A018 /* ElevationService.swift */; };
		A119 /* DataSourceCircuitBreaker.swift in Sources */ = {isa = PBXBuildFile; fileRef = A019 /* DataSourceCircuitBreaker.swift */; };
		A120 /* NetworkMonitor.swift in Sources */ = {isa = PBXBuildFile; fileRef = A020 /* NetworkMonitor.swift */; };
		A121 /* SplashScreenView.swift in Sources */ = {isa = PBXBuildFile; fileRef = A021 /* SplashScreenView.swift */; };
		T101 /* LandmarkCategoryTests.swift in Sources */ = {isa = PBXBuildFile; fileRef = T001 /* LandmarkCategoryTests.swift */; };
		T102 /* AppSettingsTests.swift in Sources */ = {isa = PBXBuildFile; fileRef = T002 /* AppSettingsTests.swift */; };
		T103 /* DataSourceCircuitBreakerTests.swift in Sources */ = {isa = PBXBuildFile; fileRef = T003 /* DataSourceCircuitBreakerTests.swift */; };
		T104 /* ErrorLoggerTests.swift in Sources */ = {isa = PBXBuildFile; fileRef = T004 /* ErrorLoggerTests.swift */; };
		T105 /* BearingTests.swift in Sources */ = {isa = PBXBuildFile; fileRef = T005 /* BearingTests.swift */; };
		T106 /* LandmarkModelTests.swift in Sources */ = {isa = PBXBuildFile; fileRef = T006 /* LandmarkModelTests.swift */; };
/* End PBXBuildFile section */

/* Begin PBXFileReference section */
		A001 /* LandmarkARApp.swift */ = {isa = PBXFileReference; lastKnownFileType = sourcecode.swift; path = LandmarkARApp.swift; sourceTree = "<group>"; };
		A002 /* ContentView.swift */ = {isa = PBXFileReference; lastKnownFileType = sourcecode.swift; path = ContentView.swift; sourceTree = "<group>"; };
		A003 /* Landmark.swift */ = {isa = PBXFileReference; lastKnownFileType = sourcecode.swift; path = Landmark.swift; sourceTree = "<group>"; };
		A004 /* LocationManager.swift */ = {isa = PBXFileReference; lastKnownFileType = sourcecode.swift; path = LocationManager.swift; sourceTree = "<group>"; };
		A005 /* WikipediaService.swift */ = {isa = PBXFileReference; lastKnownFileType = sourcecode.swift; path = WikipediaService.swift; sourceTree = "<group>"; };
		A006 /* ARLandmarkView.swift */ = {isa = PBXFileReference; lastKnownFileType = sourcecode.swift; path = ARLandmarkView.swift; sourceTree = "<group>"; };
		A007 /* LandmarkDetailSheet.swift */ = {isa = PBXFileReference; lastKnownFileType = sourcecode.swift; path = LandmarkDetailSheet.swift; sourceTree = "<group>"; };
		A008 /* Info.plist */ = {isa = PBXFileReference; lastKnownFileType = text.plist.xml; path = Info.plist; sourceTree = "<group>"; };
		A008S /* AppSettings.swift */ = {isa = PBXFileReference; lastKnownFileType = sourcecode.swift; path = AppSettings.swift; sourceTree = "<group>"; };
		A009 /* SettingsView.swift */ = {isa = PBXFileReference; lastKnownFileType = sourcecode.swift; path = SettingsView.swift; sourceTree = "<group>"; };
		A010 /* Assets.xcassets */ = {isa = PBXFileReference; lastKnownFileType = folder.assetcatalog; path = Assets.xcassets; sourceTree = "<group>"; };
		A999 /* LandmarkAR.app */ = {isa = PBXFileReference; explicitFileType = wrapper.application; includeInIndex = 0; path = LandmarkAR.app; sourceTree = BUILT_PRODUCTS_DIR; };
		D40573502F58FCEB00859722 /* NPSService.swift */ = {isa = PBXFileReference; lastKnownFileType = sourcecode.swift; path = NPSService.swift; sourceTree = "<group>"; };
		D40573512F58FCEB00859722 /* OpenStreetMapService.swift */ = {isa = PBXFileReference; lastKnownFileType = sourcecode.swift; path = OpenStreetMapService.swift; sourceTree = "<group>"; };
		A016 /* ErrorLog.swift */ = {isa = PBXFileReference; lastKnownFileType = sourcecode.swift; path = ErrorLog.swift; sourceTree = "<group>"; };
		A017 /* ErrorLogView.swift */ = {isa = PBXFileReference; lastKnownFileType = sourcecode.swift; path = ErrorLogView.swift; sourceTree = "<group>"; };
		A018 /* ElevationService.swift */ = {isa = PBXFileReference; lastKnownFileType = sourcecode.swift; path = ElevationService.swift; sourceTree = "<group>"; };
		A019 /* DataSourceCircuitBreaker.swift */ = {isa = PBXFileReference; lastKnownFileType = sourcecode.swift; path = DataSourceCircuitBreaker.swift; sourceTree = "<group>"; };
		A020 /* NetworkMonitor.swift */ = {isa = PBXFileReference; lastKnownFileType = sourcecode.swift; path = NetworkMonitor.swift; sourceTree = "<group>"; };
		A021 /* SplashScreenView.swift */ = {isa = PBXFileReference; lastKnownFileType = sourcecode.swift; path = SplashScreenView.swift; sourceTree = "<group>"; };
		T001 /* LandmarkCategoryTests.swift */ = {isa = PBXFileReference; lastKnownFileType = sourcecode.swift; path = LandmarkCategoryTests.swift; sourceTree = "<group>"; };
		T002 /* AppSettingsTests.swift */ = {isa = PBXFileReference; lastKnownFileType = sourcecode.swift; path = AppSettingsTests.swift; sourceTree = "<group>"; };
		T003 /* DataSourceCircuitBreakerTests.swift */ = {isa = PBXFileReference; lastKnownFileType = sourcecode.swift; path = DataSourceCircuitBreakerTests.swift; sourceTree = "<group>"; };
		T004 /* ErrorLoggerTests.swift */ = {isa = PBXFileReference; lastKnownFileType = sourcecode.swift; path = ErrorLoggerTests.swift; sourceTree = "<group>"; };
		T005 /* BearingTests.swift */ = {isa = PBXFileReference; lastKnownFileType = sourcecode.swift; path = BearingTests.swift; sourceTree = "<group>"; };
		T006 /* LandmarkModelTests.swift */ = {isa = PBXFileReference; lastKnownFileType = sourcecode.swift; path = LandmarkModelTests.swift; sourceTree = "<group>"; };
		TESTPROD /* LandmarkARTests.xctest */ = {isa = PBXFileReference; explicitFileType = wrapper.cfbundle; includeInIndex = 0; path = LandmarkARTests.xctest; sourceTree = BUILT_PRODUCTS_DIR; };
/* End PBXFileReference section */

/* Begin PBXFrameworksBuildPhase section */
		B001 /* Frameworks */ = {
			isa = PBXFrameworksBuildPhase;
			buildActionMask = 2147483647;
			files = (
			);
			runOnlyForDeploymentPostprocessing = 0;
		};
/* End PBXFrameworksBuildPhase section */

/* Begin PBXContainerItemProxy section */
		TESTCONTAINERPROXY /* PBXContainerItemProxy */ = {
			isa = PBXContainerItemProxy;
			containerPortal = PROJECT /* Project object */;
			proxyType = 1;
			remoteGlobalIDString = TARGET1;
			remoteInfo = LandmarkAR;
		};
/* End PBXContainerItemProxy section */

/* Begin PBXGroup section */
		ARGROUP /* AR */ = {
			isa = PBXGroup;
			children = (
				A006 /* ARLandmarkView.swift */,
			);
			path = AR;
			sourceTree = "<group>";
		};
		ASSETSGROUP /* Assets */ = {
			isa = PBXGroup;
			children = (
				A010 /* Assets.xcassets */,
			);
			name = Assets;
			sourceTree = "<group>";
		};
		MAINGROUP = {
			isa = PBXGroup;
			children = (
				SRCGROUP /* LandmarkAR */,
				TESTGROUP /* LandmarkARTests */,
				PRODGROUP /* Products */,
			);
			sourceTree = "<group>";
		};
		MODELGROUP /* Models */ = {
			isa = PBXGroup;
			children = (
				A003 /* Landmark.swift */,
				A008S /* AppSettings.swift */,
				A016 /* ErrorLog.swift */,
				A019 /* DataSourceCircuitBreaker.swift */,
			);
			path = Models;
			sourceTree = "<group>";
		};
		PRODGROUP /* Products */ = {
			isa = PBXGroup;
			children = (
				A999 /* LandmarkAR.app */,
				TESTPROD /* LandmarkARTests.xctest */,
			);
			name = Products;
			sourceTree = "<group>";
		};
		RESGROUP /* Resources */ = {
			isa = PBXGroup;
			children = (
				A008 /* Info.plist */,
			);
			path = Resources;
			sourceTree = "<group>";
		};
		SRCGROUP /* LandmarkAR */ = {
			isa = PBXGroup;
			children = (
				A001 /* LandmarkARApp.swift */,
				VIEWGROUP /* Views */,
				ARGROUP /* AR */,
				MODELGROUP /* Models */,
				SVCGROUP /* Services */,
				RESGROUP /* Resources */,
				ASSETSGROUP /* Assets */,
			);
			path = LandmarkAR;
			sourceTree = "<group>";
		};
		SVCGROUP /* Services */ = {
			isa = PBXGroup;
			children = (
				D40573502F58FCEB00859722 /* NPSService.swift */,
				D40573512F58FCEB00859722 /* OpenStreetMapService.swift */,
				A004 /* LocationManager.swift */,
				A005 /* WikipediaService.swift */,
				A018 /* ElevationService.swift */,
				A020 /* NetworkMonitor.swift */,
			);
			path = Services;
			sourceTree = "<group>";
		};
		VIEWGROUP /* Views */ = {
			isa = PBXGroup;
			children = (
				A002 /* ContentView.swift */,
				A007 /* LandmarkDetailSheet.swift */,
				A009 /* SettingsView.swift */,
				A017 /* ErrorLogView.swift */,
				A021 /* SplashScreenView.swift */,
			);
			path = Views;
			sourceTree = "<group>";
		};
		TESTGROUP /* LandmarkARTests */ = {
			isa = PBXGroup;
			children = (
				T001 /* LandmarkCategoryTests.swift */,
				T002 /* AppSettingsTests.swift */,
				T003 /* DataSourceCircuitBreakerTests.swift */,
				T004 /* ErrorLoggerTests.swift */,
				T005 /* BearingTests.swift */,
				T006 /* LandmarkModelTests.swift */,
			);
			path = LandmarkARTests;
			sourceTree = "<group>";
		};
/* End PBXGroup section */

/* Begin PBXNativeTarget section */
		TARGET1 /* LandmarkAR */ = {
			isa = PBXNativeTarget;
			buildConfigurationList = BUILDCONFIGLIST /* Build configuration list for PBXNativeTarget "LandmarkAR" */;
			buildPhases = (
				SRCPHASE /* Sources */,
				B001 /* Frameworks */,
				RESBUILDPHASE /* Resources */,
			);
			buildRules = (
			);
			dependencies = (
			);
			name = LandmarkAR;
			productName = LandmarkAR;
			productReference = A999 /* LandmarkAR.app */;
			productType = "com.apple.product-type.application";
		};
		TESTTARGET /* LandmarkARTests */ = {
			isa = PBXNativeTarget;
			buildConfigurationList = TESTBUILDCONFIGLIST /* Build configuration list for PBXNativeTarget "LandmarkARTests" */;
			buildPhases = (
				TESTSRCPHASE /* Sources */,
				TESTFRAMEWORKS /* Frameworks */,
			);
			buildRules = (
			);
			dependencies = (
				TESTDEP /* PBXTargetDependency */,
			);
			name = LandmarkARTests;
			productName = LandmarkARTests;
			productReference = TESTPROD /* LandmarkARTests.xctest */;
			productType = "com.apple.product-type.bundle.unit-test";
		};
/* End PBXNativeTarget section */

/* Begin PBXProject section */
		PROJECT /* Project object */ = {
			isa = PBXProject;
			attributes = {
				BuildIndependentTargetsInParallel = 1;
				LastSwiftUpdateCheck = 1500;
				LastUpgradeCheck = 1500;
				TargetAttributes = {
					TARGET1 = {
						CreatedOnToolsVersion = 15.0;
					};
					TESTTARGET = {
						CreatedOnToolsVersion = 15.0;
						TestTargetID = TARGET1;
					};
				};
			};
			buildConfigurationList = PROJBUILDCONFIGLIST /* Build configuration list for PBXProject "LandmarkAR" */;
			compatibilityVersion = "Xcode 14.0";
			developmentRegion = en;
			hasScannedForEncodings = 0;
			knownRegions = (
				en,
				Base,
			);
			mainGroup = MAINGROUP;
			productRefGroup = PRODGROUP /* Products */;
			projectDirPath = "";
			projectRoot = "";
			targets = (
				TARGET1 /* LandmarkAR */,
				TESTTARGET /* LandmarkARTests */,
			);
		};
/* End PBXProject section */

/* Begin PBXResourcesBuildPhase section */
		RESBUILDPHASE /* Resources */ = {
			isa = PBXResourcesBuildPhase;
			buildActionMask = 2147483647;
			files = (
				A110 /* Assets.xcassets in Resources */,
			);
			runOnlyForDeploymentPostprocessing = 0;
		};
/* End PBXResourcesBuildPhase section */

/* Begin PBXFrameworksBuildPhase section */
		TESTFRAMEWORKS /* Frameworks */ = {
			isa = PBXFrameworksBuildPhase;
			buildActionMask = 2147483647;
			files = (
			);
			runOnlyForDeploymentPostprocessing = 0;
		};
/* End PBXFrameworksBuildPhase section */

/* Begin PBXSourcesBuildPhase section */
		SRCPHASE /* Sources */ = {
			isa = PBXSourcesBuildPhase;
			buildActionMask = 2147483647;
			files = (
				A101 /* LandmarkARApp.swift in Sources */,
				A102 /* ContentView.swift in Sources */,
				A103 /* Landmark.swift in Sources */,
				A104 /* LocationManager.swift in Sources */,
				A105 /* WikipediaService.swift in Sources */,
				A106 /* ARLandmarkView.swift in Sources */,
				A107 /* LandmarkDetailSheet.swift in Sources */,
				A108 /* AppSettings.swift in Sources */,
				D40573522F58FCEB00859722 /* NPSService.swift in Sources */,
				D40573532F58FCEB00859722 /* OpenStreetMapService.swift in Sources */,
				A109 /* SettingsView.swift in Sources */,
				A116 /* ErrorLog.swift in Sources */,
				A117 /* ErrorLogView.swift in Sources */,
				A118 /* ElevationService.swift in Sources */,
				A119 /* DataSourceCircuitBreaker.swift in Sources */,
				A120 /* NetworkMonitor.swift in Sources */,
				A121 /* SplashScreenView.swift in Sources */,
			);
			runOnlyForDeploymentPostprocessing = 0;
		};
		TESTSRCPHASE /* Sources */ = {
			isa = PBXSourcesBuildPhase;
			buildActionMask = 2147483647;
			files = (
				T101 /* LandmarkCategoryTests.swift in Sources */,
				T102 /* AppSettingsTests.swift in Sources */,
				T103 /* DataSourceCircuitBreakerTests.swift in Sources */,
				T104 /* ErrorLoggerTests.swift in Sources */,
				T105 /* BearingTests.swift in Sources */,
				T106 /* LandmarkModelTests.swift in Sources */,
			);
			runOnlyForDeploymentPostprocessing = 0;
		};
/* End PBXSourcesBuildPhase section */

/* Begin PBXTargetDependency section */
		TESTDEP /* PBXTargetDependency */ = {
			isa = PBXTargetDependency;
			target = TARGET1 /* LandmarkAR */;
			targetProxy = TESTCONTAINERPROXY /* PBXContainerItemProxy */;
		};
/* End PBXTargetDependency section */

/* Begin XCBuildConfiguration section */
		DEBUGCONFIG /* Debug */ = {
			isa = XCBuildConfiguration;
			buildSettings = {
				ALWAYS_SEARCH_USER_PATHS = NO;
				ASSETCATALOG_COMPILER_GENERATE_SWIFT_ASSET_SYMBOL_EXTENSIONS = YES;
				CLANG_ANALYZER_NONNULL = YES;
				CLANG_ANALYZER_NUMBER_OBJECT_CONVERSION = YES_AGGRESSIVE;
				CLANG_CXX_LANGUAGE_STANDARD = "gnu++20";
				CLANG_ENABLE_MODULES = YES;
				CLANG_ENABLE_OBJC_ARC = YES;
				CLANG_ENABLE_OBJC_WEAK = YES;
				CLANG_WARN_BLOCK_CAPTURE_AUTORELEASING = YES;
				CLANG_WARN_BOOL_CONVERSION = YES;
				CLANG_WARN_COMMA = YES;
				CLANG_WARN_CONSTANT_CONVERSION = YES;
				CLANG_WARN_DEPRECATED_OBJC_IMPLEMENTATIONS = YES;
				CLANG_WARN_DIRECT_OBJC_ISA_USAGE = YES_ERROR;
				CLANG_WARN_DOCUMENTATION_COMMENTS = YES;
				CLANG_WARN_EMPTY_BODY = YES;
				CLANG_WARN_ENUM_CONVERSION = YES;
				CLANG_WARN_INFINITE_RECURSION = YES;
				CLANG_WARN_INT_CONVERSION = YES;
				CLANG_WARN_NON_LITERAL_NULL_CONVERSION = YES;
				CLANG_WARN_OBJC_IMPLICIT_RETAIN_SELF = YES;
				CLANG_WARN_OBJC_LITERAL_CONVERSION = YES;
				CLANG_WARN_OBJC_ROOT_CLASS = YES_ERROR;
				CLANG_WARN_QUOTED_INCLUDE_IN_FRAMEWORK_HEADER = YES;
				CLANG_WARN_RANGE_LOOP_ANALYSIS = YES;
				CLANG_WARN_STRICT_PROTOTYPES = YES;
				CLANG_WARN_SUSPICIOUS_MOVE = YES;
				CLANG_WARN_UNGUARDED_AVAILABILITY = YES_AGGRESSIVE;
				CLANG_WARN_UNREACHABLE_CODE = YES;
				CLANG_WARN__DUPLICATE_METHOD_MATCH = YES;
				COPY_PHASE_STRIP = NO;
				DEBUG_INFORMATION_FORMAT = dwarf;
				ENABLE_STRICT_OBJC_MSGSEND = YES;
				ENABLE_TESTABILITY = YES;
				ENABLE_USER_SCRIPT_SANDBOXING = YES;
				GCC_C_LANGUAGE_STANDARD = gnu17;
				GCC_DYNAMIC_NO_PIC = NO;
				GCC_NO_COMMON_BLOCKS = YES;
				GCC_OPTIMIZATION_LEVEL = 0;
				GCC_PREPROCESSOR_DEFINITIONS = (
					"DEBUG=1",
					"$(inherited)",
				);
				GCC_WARN_64_TO_32_BIT_CONVERSION = YES;
				GCC_WARN_ABOUT_RETURN_TYPE = YES_ERROR;
				GCC_WARN_UNDECLARED_SELECTOR = YES;
				GCC_WARN_UNINITIALIZED_AUTOS = YES_AGGRESSIVE;
				GCC_WARN_UNUSED_FUNCTION = YES;
				GCC_WARN_UNUSED_VARIABLE = YES;
				IPHONEOS_DEPLOYMENT_TARGET = 17.0;
				MTL_ENABLE_DEBUG_INFO = INCLUDE_SOURCE;
				MTL_FAST_MATH = YES;
				ONLY_ACTIVE_ARCH = YES;
				SDKROOT = iphoneos;
				SWIFT_ACTIVE_COMPILATION_CONDITIONS = "DEBUG $(inherited)";
				SWIFT_OPTIMIZATION_LEVEL = "-Onone";
			};
			name = Debug;
		};
		RELEASECONFIG /* Release */ = {
			isa = XCBuildConfiguration;
			buildSettings = {
				ALWAYS_SEARCH_USER_PATHS = NO;
				ASSETCATALOG_COMPILER_GENERATE_SWIFT_ASSET_SYMBOL_EXTENSIONS = YES;
				CLANG_ANALYZER_NONNULL = YES;
				CLANG_ANALYZER_NUMBER_OBJECT_CONVERSION = YES_AGGRESSIVE;
				CLANG_CXX_LANGUAGE_STANDARD = "gnu++20";
				CLANG_ENABLE_MODULES = YES;
				CLANG_ENABLE_OBJC_ARC = YES;
				CLANG_ENABLE_OBJC_WEAK = YES;
				CLANG_WARN_BLOCK_CAPTURE_AUTORELEASING = YES;
				CLANG_WARN_BOOL_CONVERSION = YES;
				CLANG_WARN_COMMA = YES;
				CLANG_WARN_CONSTANT_CONVERSION = YES;
				CLANG_WARN_DEPRECATED_OBJC_IMPLEMENTATIONS = YES;
				CLANG_WARN_DIRECT_OBJC_ISA_USAGE = YES_ERROR;
				CLANG_WARN_DOCUMENTATION_COMMENTS = YES;
				CLANG_WARN_EMPTY_BODY = YES;
				CLANG_WARN_ENUM_CONVERSION = YES;
				CLANG_WARN_INFINITE_RECURSION = YES;
				CLANG_WARN_INT_CONVERSION = YES;
				CLANG_WARN_NON_LITERAL_NULL_CONVERSION = YES;
				CLANG_WARN_OBJC_IMPLICIT_RETAIN_SELF = YES;
				CLANG_WARN_OBJC_LITERAL_CONVERSION = YES;
				CLANG_WARN_OBJC_ROOT_CLASS = YES_ERROR;
				CLANG_WARN_QUOTED_INCLUDE_IN_FRAMEWORK_HEADER = YES;
				CLANG_WARN_RANGE_LOOP_ANALYSIS = YES;
				CLANG_WARN_STRICT_PROTOTYPES = YES;
				CLANG_WARN_SUSPICIOUS_MOVE = YES;
				CLANG_WARN_UNGUARDED_AVAILABILITY = YES_AGGRESSIVE;
				CLANG_WARN_UNREACHABLE_CODE = YES;
				CLANG_WARN__DUPLICATE_METHOD_MATCH = YES;
				COPY_PHASE_STRIP = NO;
				DEBUG_INFORMATION_FORMAT = "dwarf-with-dsym";
				ENABLE_NS_ASSERTIONS = NO;
				ENABLE_STRICT_OBJC_MSGSEND = YES;
				ENABLE_USER_SCRIPT_SANDBOXING = YES;
				GCC_C_LANGUAGE_STANDARD = gnu17;
				GCC_NO_COMMON_BLOCKS = YES;
				GCC_WARN_64_TO_32_BIT_CONVERSION = YES;
				GCC_WARN_ABOUT_RETURN_TYPE = YES_ERROR;
				GCC_WARN_UNDECLARED_SELECTOR = YES;
				GCC_WARN_UNINITIALIZED_AUTOS = YES_AGGRESSIVE;
				GCC_WARN_UNUSED_FUNCTION = YES;
				GCC_WARN_UNUSED_VARIABLE = YES;
				IPHONEOS_DEPLOYMENT_TARGET = 17.0;
				MTL_ENABLE_DEBUG_INFO = NO;
				MTL_FAST_MATH = YES;
				SDKROOT = iphoneos;
				SWIFT_COMPILATION_MODE = wholemodule;
				VALIDATE_PRODUCT = YES;
			};
			name = Release;
		};
		TARGETDEBUG /* Debug */ = {
			isa = XCBuildConfiguration;
			buildSettings = {
				ASSETCATALOG_COMPILER_APPICON_NAME = AppIcon;
				ASSETCATALOG_COMPILER_GLOBAL_ACCENT_COLOR_NAME = AccentColor;
				CODE_SIGN_STYLE = Automatic;
				CURRENT_PROJECT_VERSION = 1;
				DEVELOPMENT_TEAM = Y2WMH5T48B;
				GENERATE_INFOPLIST_FILE = NO;
				INFOPLIST_FILE = LandmarkAR/Resources/Info.plist;
				IPHONEOS_DEPLOYMENT_TARGET = 17.0;
				LD_RUNPATH_SEARCH_PATHS = (
					"$(inherited)",
					"@executable_path/Frameworks",
				);
				MARKETING_VERSION = 1.0;
				PRODUCT_BUNDLE_IDENTIFIER = com.edwardaspendesigns.LandmarkAR;
				PRODUCT_NAME = "$(TARGET_NAME)";
				SWIFT_EMIT_LOC_STRINGS = YES;
				SWIFT_VERSION = 5.0;
				TARGETED_DEVICE_FAMILY = 1;
			};
			name = Debug;
		};
		TARGETRELEASE /* Release */ = {
			isa = XCBuildConfiguration;
			buildSettings = {
				ASSETCATALOG_COMPILER_APPICON_NAME = AppIcon;
				ASSETCATALOG_COMPILER_GLOBAL_ACCENT_COLOR_NAME = AccentColor;
				CODE_SIGN_STYLE = Automatic;
				CURRENT_PROJECT_VERSION = 1;
				DEVELOPMENT_TEAM = Y2WMH5T48B;
				GENERATE_INFOPLIST_FILE = NO;
				INFOPLIST_FILE = LandmarkAR/Resources/Info.plist;
				IPHONEOS_DEPLOYMENT_TARGET = 17.0;
				LD_RUNPATH_SEARCH_PATHS = (
					"$(inherited)",
					"@executable_path/Frameworks",
				);
				MARKETING_VERSION = 1.0;
				PRODUCT_BUNDLE_IDENTIFIER = com.edwardaspendesigns.LandmarkAR;
				PRODUCT_NAME = "$(TARGET_NAME)";
				SWIFT_EMIT_LOC_STRINGS = YES;
				SWIFT_VERSION = 5.0;
				TARGETED_DEVICE_FAMILY = 1;
			};
			name = Release;
		};
		TESTDEBUG /* Debug */ = {
			isa = XCBuildConfiguration;
			buildSettings = {
				BUNDLE_LOADER = "$(TEST_HOST)";
				CODE_SIGN_STYLE = Automatic;
				DEVELOPMENT_TEAM = Y2WMH5T48B;
				GENERATE_INFOPLIST_FILE = YES;
				IPHONEOS_DEPLOYMENT_TARGET = 17.0;
				PRODUCT_BUNDLE_IDENTIFIER = com.edwardaspendesigns.LandmarkARTests;
				PRODUCT_NAME = "$(TARGET_NAME)";
				SWIFT_VERSION = 5.0;
				TARGETED_DEVICE_FAMILY = 1;
				TEST_HOST = "$(BUILT_PRODUCTS_DIR)/LandmarkAR.app/LandmarkAR";
			};
			name = Debug;
		};
		TESTRELEASE /* Release */ = {
			isa = XCBuildConfiguration;
			buildSettings = {
				BUNDLE_LOADER = "$(TEST_HOST)";
				CODE_SIGN_STYLE = Automatic;
				DEVELOPMENT_TEAM = Y2WMH5T48B;
				GENERATE_INFOPLIST_FILE = YES;
				IPHONEOS_DEPLOYMENT_TARGET = 17.0;
				PRODUCT_BUNDLE_IDENTIFIER = com.edwardaspendesigns.LandmarkARTests;
				PRODUCT_NAME = "$(TARGET_NAME)";
				SWIFT_VERSION = 5.0;
				TARGETED_DEVICE_FAMILY = 1;
				TEST_HOST = "$(BUILT_PRODUCTS_DIR)/LandmarkAR.app/LandmarkAR";
			};
			name = Release;
		};
/* End XCBuildConfiguration section */

/* Begin XCConfigurationList section */
		BUILDCONFIGLIST /* Build configuration list for PBXNativeTarget "LandmarkAR" */ = {
			isa = XCConfigurationList;
			buildConfigurations = (
				TARGETDEBUG /* Debug */,
				TARGETRELEASE /* Release */,
			);
			defaultConfigurationIsVisible = 0;
			defaultConfigurationName = Release;
		};
		PROJBUILDCONFIGLIST /* Build configuration list for PBXProject "LandmarkAR" */ = {
			isa = XCConfigurationList;
			buildConfigurations = (
				DEBUGCONFIG /* Debug */,
				RELEASECONFIG /* Release */,
			);
			defaultConfigurationIsVisible = 0;
			defaultConfigurationName = Release;
		};
		TESTBUILDCONFIGLIST /* Build configuration list for PBXNativeTarget "LandmarkARTests" */ = {
			isa = XCConfigurationList;
			buildConfigurations = (
				TESTDEBUG /* Debug */,
				TESTRELEASE /* Release */,
			);
			defaultConfigurationIsVisible = 0;
			defaultConfigurationName = Release;
		};
/* End XCConfigurationList section */
	};
	rootObject = PROJECT /* Project object */;
}
